// !$*UTF8*$!
{
	archiveVersion = 1;
	classes = {
	};
	objectVersion = 46;
	objects = {

/* Begin PBXBuildFile section */
		BF0D92F91E62F538003BE2C7 /* AppDelegate.swift in Sources */ = {isa = PBXBuildFile; fileRef = BF0D92F81E62F538003BE2C7 /* AppDelegate.swift */; };
		BF0D92FB1E62F538003BE2C7 /* ViewController.swift in Sources */ = {isa = PBXBuildFile; fileRef = BF0D92FA1E62F538003BE2C7 /* ViewController.swift */; };
		BF0D92FE1E62F538003BE2C7 /* Main.storyboard in Resources */ = {isa = PBXBuildFile; fileRef = BF0D92FC1E62F538003BE2C7 /* Main.storyboard */; };
		BF0D93001E62F538003BE2C7 /* Assets.xcassets in Resources */ = {isa = PBXBuildFile; fileRef = BF0D92FF1E62F538003BE2C7 /* Assets.xcassets */; };
		BF0D93031E62F538003BE2C7 /* LaunchScreen.storyboard in Resources */ = {isa = PBXBuildFile; fileRef = BF0D93011E62F538003BE2C7 /* LaunchScreen.storyboard */; };
		BF0D93101E630069003BE2C7 /* TableViewCell2.swift in Sources */ = {isa = PBXBuildFile; fileRef = BF0D930E1E630069003BE2C7 /* TableViewCell2.swift */; };
		BF0D93111E630069003BE2C7 /* TableViewCell2.xib in Resources */ = {isa = PBXBuildFile; fileRef = BF0D930F1E630069003BE2C7 /* TableViewCell2.xib */; };
		BF0D93141E630389003BE2C7 /* TableViewCell1.swift in Sources */ = {isa = PBXBuildFile; fileRef = BF0D93121E630389003BE2C7 /* TableViewCell1.swift */; };
		BF0D93151E630389003BE2C7 /* TableViewCell1.xib in Resources */ = {isa = PBXBuildFile; fileRef = BF0D93131E630389003BE2C7 /* TableViewCell1.xib */; };
/* End PBXBuildFile section */

/* Begin PBXFileReference section */
		BF0D92F51E62F538003BE2C7 /* CustomTableCells.app */ = {isa = PBXFileReference; explicitFileType = wrapper.application; includeInIndex = 0; path = CustomTableCells.app; sourceTree = BUILT_PRODUCTS_DIR; };
		BF0D92F81E62F538003BE2C7 /* AppDelegate.swift */ = {isa = PBXFileReference; lastKnownFileType = sourcecode.swift; path = AppDelegate.swift; sourceTree = "<group>"; };
		BF0D92FA1E62F538003BE2C7 /* ViewController.swift */ = {isa = PBXFileReference; lastKnownFileType = sourcecode.swift; path = ViewController.swift; sourceTree = "<group>"; };
		BF0D92FD1E62F538003BE2C7 /* Base */ = {isa = PBXFileReference; lastKnownFileType = file.storyboard; name = Base; path = Base.lproj/Main.storyboard; sourceTree = "<group>"; };
		BF0D92FF1E62F538003BE2C7 /* Assets.xcassets */ = {isa = PBXFileReference; lastKnownFileType = folder.assetcatalog; path = Assets.xcassets; sourceTree = "<group>"; };
		BF0D93021E62F538003BE2C7 /* Base */ = {isa = PBXFileReference; lastKnownFileType = file.storyboard; name = Base; path = Base.lproj/LaunchScreen.storyboard; sourceTree = "<group>"; };
		BF0D93041E62F538003BE2C7 /* Info.plist */ = {isa = PBXFileReference; lastKnownFileType = text.plist.xml; path = Info.plist; sourceTree = "<group>"; };
		BF0D930E1E630069003BE2C7 /* TableViewCell2.swift */ = {isa = PBXFileReference; fileEncoding = 4; lastKnownFileType = sourcecode.swift; path = TableViewCell2.swift; sourceTree = "<group>"; };
		BF0D930F1E630069003BE2C7 /* TableViewCell2.xib */ = {isa = PBXFileReference; fileEncoding = 4; lastKnownFileType = file.xib; path = TableViewCell2.xib; sourceTree = "<group>"; };
		BF0D93121E630389003BE2C7 /* TableViewCell1.swift */ = {isa = PBXFileReference; fileEncoding = 4; lastKnownFileType = sourcecode.swift; path = TableViewCell1.swift; sourceTree = "<group>"; };
		BF0D93131E630389003BE2C7 /* TableViewCell1.xib */ = {isa = PBXFileReference; fileEncoding = 4; lastKnownFileType = file.xib; path = TableViewCell1.xib; sourceTree = "<group>"; };
/* End PBXFileReference section */

/* Begin PBXFrameworksBuildPhase section */
		BF0D92F21E62F538003BE2C7 /* Frameworks */ = {
			isa = PBXFrameworksBuildPhase;
			buildActionMask = 2147483647;
			files = (
			);
			runOnlyForDeploymentPostprocessing = 0;
		};
/* End PBXFrameworksBuildPhase section */

/* Begin PBXGroup section */
		BF0D92EC1E62F538003BE2C7 = {
			isa = PBXGroup;
			children = (
				BF0D92F71E62F538003BE2C7 /* CustomTableCells */,
				BF0D92F61E62F538003BE2C7 /* Products */,
			);
			sourceTree = "<group>";
		};
		BF0D92F61E62F538003BE2C7 /* Products */ = {
			isa = PBXGroup;
			children = (
				BF0D92F51E62F538003BE2C7 /* CustomTableCells.app */,
			);
			name = Products;
			sourceTree = "<group>";
		};
		BF0D92F71E62F538003BE2C7 /* CustomTableCells */ = {
			isa = PBXGroup;
			children = (
				BF0D92F81E62F538003BE2C7 /* AppDelegate.swift */,
				BF0D92FA1E62F538003BE2C7 /* ViewController.swift */,
				BF0D92FC1E62F538003BE2C7 /* Main.storyboard */,
				BF0D92FF1E62F538003BE2C7 /* Assets.xcassets */,
				BF0D93011E62F538003BE2C7 /* LaunchScreen.storyboard */,
				BF0D93041E62F538003BE2C7 /* Info.plist */,
				BF0D930E1E630069003BE2C7 /* TableViewCell2.swift */,
				BF0D930F1E630069003BE2C7 /* TableViewCell2.xib */,
				BF0D93121E630389003BE2C7 /* TableViewCell1.swift */,
				BF0D93131E630389003BE2C7 /* TableViewCell1.xib */,
			);
			path = CustomTableCells;
			sourceTree = "<group>";
		};
/* End PBXGroup section */

/* Begin PBXNativeTarget section */
		BF0D92F41E62F538003BE2C7 /* CustomTableCells */ = {
			isa = PBXNativeTarget;
			buildConfigurationList = BF0D93071E62F538003BE2C7 /* Build configuration list for PBXNativeTarget "CustomTableCells" */;
			buildPhases = (
				BF0D92F11E62F538003BE2C7 /* Sources */,
				BF0D92F21E62F538003BE2C7 /* Frameworks */,
				BF0D92F31E62F538003BE2C7 /* Resources */,
			);
			buildRules = (
			);
			dependencies = (
			);
			name = CustomTableCells;
			productName = CustomTableCells;
			productReference = BF0D92F51E62F538003BE2C7 /* CustomTableCells.app */;
			productType = "com.apple.product-type.application";
		};
/* End PBXNativeTarget section */

/* Begin PBXProject section */
		BF0D92ED1E62F538003BE2C7 /* Project object */ = {
			isa = PBXProject;
			attributes = {
				LastSwiftUpdateCheck = 0820;
				LastUpgradeCheck = 0820;
				ORGANIZATIONNAME = cagdas;
				TargetAttributes = {
					BF0D92F41E62F538003BE2C7 = {
						CreatedOnToolsVersion = 8.2.1;
						ProvisioningStyle = Automatic;
					};
				};
			};
			buildConfigurationList = BF0D92F01E62F538003BE2C7 /* Build configuration list for PBXProject "CustomTableCells" */;
			compatibilityVersion = "Xcode 3.2";
			developmentRegion = English;
			hasScannedForEncodings = 0;
			knownRegions = (
				en,
				Base,
			);
			mainGroup = BF0D92EC1E62F538003BE2C7;
			productRefGroup = BF0D92F61E62F538003BE2C7 /* Products */;
			projectDirPath = "";
			projectRoot = "";
			targets = (
				BF0D92F41E62F538003BE2C7 /* CustomTableCells */,
			);
		};
/* End PBXProject section */

/* Begin PBXResourcesBuildPhase section */
		BF0D92F31E62F538003BE2C7 /* Resources */ = {
			isa = PBXResourcesBuildPhase;
			buildActionMask = 2147483647;
			files = (
				BF0D93111E630069003BE2C7 /* TableViewCell2.xib in Resources */,
				BF0D93031E62F538003BE2C7 /* LaunchScreen.storyboard in Resources */,
				BF0D93001E62F538003BE2C7 /* Assets.xcassets in Resources */,
				BF0D92FE1E62F538003BE2C7 /* Main.storyboard in Resources */,
				BF0D93151E630389003BE2C7 /* TableViewCell1.xib in Resources */,
			);
			runOnlyForDeploymentPostprocessing = 0;
		};
/* End PBXResourcesBuildPhase section */

/* Begin PBXSourcesBuildPhase section */
		BF0D92F11E62F538003BE2C7 /* Sources */ = {
			isa = PBXSourcesBuildPhase;
			buildActionMask = 2147483647;
			files = (
				BF0D93141E630389003BE2C7 /* TableViewCell1.swift in Sources */,
				BF0D93101E630069003BE2C7 /* TableViewCell2.swift in Sources */,
				BF0D92FB1E62F538003BE2C7 /* ViewController.swift in Sources */,
				BF0D92F91E62F538003BE2C7 /* AppDelegate.swift in Sources */,
			);
			runOnlyForDeploymentPostprocessing = 0;
		};
/* End PBXSourcesBuildPhase section */

/* Begin PBXVariantGroup section */
		BF0D92FC1E62F538003BE2C7 /* Main.storyboard */ = {
			isa = PBXVariantGroup;
			children = (
				BF0D92FD1E62F538003BE2C7 /* Base */,
			);
			name = Main.storyboard;
			sourceTree = "<group>";
		};
		BF0D93011E62F538003BE2C7 /* LaunchScreen.storyboard */ = {
			isa = PBXVariantGroup;
			children = (
				BF0D93021E62F538003BE2C7 /* Base */,
			);
			name = LaunchScreen.storyboard;
			sourceTree = "<group>";
		};
/* End PBXVariantGroup section */

/* Begin XCBuildConfiguration section */
		BF0D93051E62F538003BE2C7 /* Debug */ = {
			isa = XCBuildConfiguration;
			buildSettings = {
				ALWAYS_SEARCH_USER_PATHS = NO;
				CLANG_ANALYZER_NONNULL = YES;
				CLANG_CXX_LANGUAGE_STANDARD = "gnu++0x";
				CLANG_CXX_LIBRARY = "libc++";
				CLANG_ENABLE_MODULES = YES;
				CLANG_ENABLE_OBJC_ARC = YES;
				CLANG_WARN_BOOL_CONVERSION = YES;
				CLANG_WARN_CONSTANT_CONVERSION = YES;
				CLANG_WARN_DIRECT_OBJC_ISA_USAGE = YES_ERROR;
				CLANG_WARN_DOCUMENTATION_COMMENTS = YES;
				CLANG_WARN_EMPTY_BODY = YES;
				CLANG_WARN_ENUM_CONVERSION = YES;
				CLANG_WARN_INFINITE_RECURSION = YES;
				CLANG_WARN_INT_CONVERSION = YES;
				CLANG_WARN_OBJC_ROOT_CLASS = YES_ERROR;
				CLANG_WARN_SUSPICIOUS_MOVE = YES;
				CLANG_WARN_UNREACHABLE_CODE = YES;
				CLANG_WARN__DUPLICATE_METHOD_MATCH = YES;
				"CODE_SIGN_IDENTITY[sdk=iphoneos*]" = "iPhone Developer";
				COPY_PHASE_STRIP = NO;
				DEBUG_INFORMATION_FORMAT = dwarf;
				ENABLE_STRICT_OBJC_MSGSEND = YES;
				ENABLE_TESTABILITY = YES;
				GCC_C_LANGUAGE_STANDARD = gnu99;
				GCC_DYNAMIC_NO_PIC = NO;
				GCC_NO_COMMON_BLOCKS = YES;
				GCC_OPTIMIZATION_LEVEL = 0;
				GCC_PREPROCESSOR_DEFINITIONS = (
					"DEBUG=1",
					"$(inherited)",
				);
				GCC_WARN_64_TO_32_BIT_CONVERSION = YES;
				GCC_WARN_ABOUT_RETURN_TYPE = YES_ERROR;
				GCC_WARN_UNDECLARED_SELECTOR = YES;
				GCC_WARN_UNINITIALIZED_AUTOS = YES_AGGRESSIVE;
				GCC_WARN_UNUSED_FUNCTION = YES;
				GCC_WARN_UNUSED_VARIABLE = YES;
				IPHONEOS_DEPLOYMENT_TARGET = 10.2;
				MTL_ENABLE_DEBUG_INFO = YES;
				ONLY_ACTIVE_ARCH = YES;
				SDKROOT = iphoneos;
				SWIFT_ACTIVE_COMPILATION_CONDITIONS = DEBUG;
				SWIFT_OPTIMIZATION_LEVEL = "-Onone";
			};
			name = Debug;
		};
		BF0D93061E62F538003BE2C7 /* Release */ = {
			isa = XCBuildConfiguration;
			buildSettings = {
				ALWAYS_SEARCH_USER_PATHS = NO;
				CLANG_ANALYZER_NONNULL = YES;
				CLANG_CXX_LANGUAGE_STANDARD = "gnu++0x";
				CLANG_CXX_LIBRARY = "libc++";
				CLANG_ENABLE_MODULES = YES;
				CLANG_ENABLE_OBJC_ARC = YES;
				CLANG_WARN_BOOL_CONVERSION = YES;
				CLANG_WARN_CONSTANT_CONVERSION = YES;
				CLANG_WARN_DIRECT_OBJC_ISA_USAGE = YES_ERROR;
				CLANG_WARN_DOCUMENTATION_COMMENTS = YES;
				CLANG_WARN_EMPTY_BODY = YES;
				CLANG_WARN_ENUM_CONVERSION = YES;
				CLANG_WARN_INFINITE_RECURSION = YES;
				CLANG_WARN_INT_CONVERSION = YES;
				CLANG_WARN_OBJC_ROOT_CLASS = YES_ERROR;
				CLANG_WARN_SUSPICIOUS_MOVE = YES;
				CLANG_WARN_UNREACHABLE_CODE = YES;
				CLANG_WARN__DUPLICATE_METHOD_MATCH = YES;
				"CODE_SIGN_IDENTITY[sdk=iphoneos*]" = "iPhone Developer";
				COPY_PHASE_STRIP = NO;
				DEBUG_INFORMATION_FORMAT = "dwarf-with-dsym";
				ENABLE_NS_ASSERTIONS = NO;
				ENABLE_STRICT_OBJC_MSGSEND = YES;
				GCC_C_LANGUAGE_STANDARD = gnu99;
				GCC_NO_COMMON_BLOCKS = YES;
				GCC_WARN_64_TO_32_BIT_CONVERSION = YES;
				GCC_WARN_ABOUT_RETURN_TYPE = YES_ERROR;
				GCC_WARN_UNDECLARED_SELECTOR = YES;
				GCC_WARN_UNINITIALIZED_AUTOS = YES_AGGRESSIVE;
				GCC_WARN_UNUSED_FUNCTION = YES;
				GCC_WARN_UNUSED_VARIABLE = YES;
				IPHONEOS_DEPLOYMENT_TARGET = 10.2;
				MTL_ENABLE_DEBUG_INFO = NO;
				SDKROOT = iphoneos;
				SWIFT_OPTIMIZATION_LEVEL = "-Owholemodule";
				VALIDATE_PRODUCT = YES;
			};
			name = Release;
		};
		BF0D93081E62F538003BE2C7 /* Debug */ = {
			isa = XCBuildConfiguration;
			buildSettings = {
				ASSETCATALOG_COMPILER_APPICON_NAME = AppIcon;
				INFOPLIST_FILE = CustomTableCells/Info.plist;
				LD_RUNPATH_SEARCH_PATHS = "$(inherited) @executable_path/Frameworks";
				PRODUCT_BUNDLE_IDENTIFIER = cagdas.eksi.CustomTableCells;
				PRODUCT_NAME = "$(TARGET_NAME)";
				SWIFT_VERSION = 3.0;
			};
			name = Debug;
		};
		BF0D93091E62F538003BE2C7 /* Release */ = {
			isa = XCBuildConfiguration;
			buildSettings = {
				ASSETCATALOG_COMPILER_APPICON_NAME = AppIcon;
				INFOPLIST_FILE = CustomTableCells/Info.plist;
				LD_RUNPATH_SEARCH_PATHS = "$(inherited) @executable_path/Frameworks";
				PRODUCT_BUNDLE_IDENTIFIER = cagdas.eksi.CustomTableCells;
				PRODUCT_NAME = "$(TARGET_NAME)";
				SWIFT_VERSION = 3.0;
			};
			name = Release;
		};
/* End XCBuildConfiguration section */

/* Begin XCConfigurationList section */
		BF0D92F01E62F538003BE2C7 /* Build configuration list for PBXProject "CustomTableCells" */ = {
			isa = XCConfigurationList;
			buildConfigurations = (
				BF0D93051E62F538003BE2C7 /* Debug */,
				BF0D93061E62F538003BE2C7 /* Release */,
			);
			defaultConfigurationIsVisible = 0;
			defaultConfigurationName = Release;
		};
		BF0D93071E62F538003BE2C7 /* Build configuration list for PBXNativeTarget "CustomTableCells" */ = {
			isa = XCConfigurationList;
			buildConfigurations = (
				BF0D93081E62F538003BE2C7 /* Debug */,
				BF0D93091E62F538003BE2C7 /* Release */,
			);
			defaultConfigurationIsVisible = 0;
		};
/* End XCConfigurationList section */
	};
	rootObject = BF0D92ED1E62F538003BE2C7 /* Project object */;
}
